Microsoft Visual Studio Solution File, Format Version 12.00
# Visual Studio Version 17
VisualStudioVersion = 17.5.2.0
MinimumVisualStudioVersion = 10.0.40219.1
Project("{FAE04EC0-301F-11D3-BF4B-00C04F79EFBC}") = "WeekdayApi", "WeekdayApi.csproj", "{583D3EBF-9503-FF21-66DB-9222795EBD89}"
EndProject
Global
	GlobalSection(SolutionConfigurationPlatforms) = preSolution
		Debug|Any CPU = Debug|Any CPU
		Release|Any CPU = Release|Any CPU
	EndGlobalSection
	GlobalSection(ProjectConfigurationPlatforms) = postSolution
		{583D3EBF-9503-FF21-66DB-9222795EBD89}.Debug|Any CPU.ActiveCfg = Debug|Any CPU
		{583D3EBF-9503-FF21-66DB-9222795EBD89}.Debug|Any CPU.Build.0 = Debug|Any CPU
		{583D3EBF-9503-FF21-66DB-9222795EBD89}.Release|Any CPU.ActiveCfg = Release|Any CPU
		{583D3EBF-9503-FF21-66DB-9222795EBD89}.Release|Any CPU.Build.0 = Release|Any CPU
	EndGlobalSection
	GlobalSection(SolutionProperties) = preSolution
		HideSolutionNode = FALSE
	EndGlobalSection
	GlobalSection(ExtensibilityGlobals) = postSolution
		SolutionGuid = {D23C2282-6B63-4B20-B097-45DB947DC49D}
	EndGlobalSection
EndGlobal
